
Microsoft Visual Studio Solution File, Format Version 12.00
# Visual Studio 15
VisualStudioVersion = 15.0.27428.2015
MinimumVisualStudioVersion = 10.0.40219.1
Project("{8BC9CEB8-8B4A-11D0-8D11-00A0C91BC942}") = "euler95", "euler95\euler95.vcxproj", "{01290FEB-125E-4E35-A6AD-AAF364D468CA}"
EndProject
Global
	GlobalSection(SolutionConfigurationPlatforms) = preSolution
		Debug|x64 = Debug|x64
		Debug|x86 = Debug|x86
		Release|x64 = Release|x64
		Release|x86 = Release|x86
	EndGlobalSection
	GlobalSection(ProjectConfigurationPlatforms) = postSolution
		{01290FEB-125E-4E35-A6AD-AAF364D468CA}.Debug|x64.ActiveCfg = Debug|x64
		{01290FEB-125E-4E35-A6AD-AAF364D468CA}.Debug|x64.Build.0 = Debug|x64
		{01290FEB-125E-4E35-A6AD-AAF364D468CA}.Debug|x86.ActiveCfg = Debug|Win32
		{01290FEB-125E-4E35-A6AD-AAF364D468CA}.Debug|x86.Build.0 = Debug|Win32
		{01290FEB-125E-4E35-A6AD-AAF364D468CA}.Release|x64.ActiveCfg = Release|x64
		{01290FEB-125E-4E35-A6AD-AAF364D468CA}.Release|x64.Build.0 = Release|x64
		{01290FEB-125E-4E35-A6AD-AAF364D468CA}.Release|x86.ActiveCfg = Release|Win32
		{01290FEB-125E-4E35-A6AD-AAF364D468CA}.Release|x86.Build.0 = Release|Win32
	EndGlobalSection
	GlobalSection(SolutionProperties) = preSolution
		HideSolutionNode = FALSE
	EndGlobalSection
	GlobalSection(ExtensibilityGlobals) = postSolution
		SolutionGuid = {15F042CB-DCD4-495B-9BA0-90D455F65CE6}
	EndGlobalSection
EndGlobal
